// !$*UTF8*$!
{
	archiveVersion = 1;
	classes = {
	};
	objectVersion = 54;
	objects = {

/* Begin PBXBuildFile section */
		00E356F31AD99517003FC87E /* mdsreactTests.m in Sources */ = {isa = PBXBuildFile; fileRef = 00E356F21AD99517003FC87E /* mdsreactTests.m */; };
		04D5A417107841A19F483BF5 /* Gilroy-Black.ttf in Resources */ = {isa = PBXBuildFile; fileRef = AEB5C067A7184AFEB4329A5B /* Gilroy-Black.ttf */; };
		0987A8A9A4F442D3B21BCB10 /* Gilroy-Light.ttf in Resources */ = {isa = PBXBuildFile; fileRef = D0A9CD0930444DDFAC1D092B /* Gilroy-Light.ttf */; };
		13B07FBC1A68108700A75B9A /* AppDelegate.mm in Sources */ = {isa = PBXBuildFile; fileRef = 13B07FB01A68108700A75B9A /* AppDelegate.mm */; };
		13B07FBF1A68108700A75B9A /* Images.xcassets in Resources */ = {isa = PBXBuildFile; fileRef = 13B07FB51A68108700A75B9A /* Images.xcassets */; };
		13B07FC11A68108700A75B9A /* main.m in Sources */ = {isa = PBXBuildFile; fileRef = 13B07FB71A68108700A75B9A /* main.m */; };
		1522ACA69CDA40FDA03AFBEB /* Gilroy-UltraLightItalic.ttf in Resources */ = {isa = PBXBuildFile; fileRef = A6632E0B59A34CA0930BA844 /* Gilroy-UltraLightItalic.ttf */; };
		1B704784868C4BD088015C08 /* Profile.svg in Resources */ = {isa = PBXBuildFile; fileRef = EE2228FC3548403E87830D8C /* Profile.svg */; };
		1DFE8470E932408E8BB834D7 /* Gilroy-Medium.ttf in Resources */ = {isa = PBXBuildFile; fileRef = B4720DF10FBA470081A2A116 /* Gilroy-Medium.ttf */; };
		3D751088D3E24C10B11BF5A8 /* Gilroy-ExtraBoldItalic.ttf in Resources */ = {isa = PBXBuildFile; fileRef = 78DEF98F25214F5085ABD216 /* Gilroy-ExtraBoldItalic.ttf */; };
		43DAF53B5F1EA0058CB9075F /* libPods-mdsreact.a in Frameworks */ = {isa = PBXBuildFile; fileRef = 85A88FBC067C3EF4B176EC31 /* libPods-mdsreact.a */; };
		46AF7D8971284012B9C4795A /* black_friday.png in Resources */ = {isa = PBXBuildFile; fileRef = AAA80FADE71F4E2784F2760C /* black_friday.png */; };
		4D617ADD1C684ED5BAB8A0B2 /* Gilroy-ExtraBold.ttf in Resources */ = {isa = PBXBuildFile; fileRef = F92D546C09BE4EE3BB20F767 /* Gilroy-ExtraBold.ttf */; };
		5555559651E73B66DD58090B /* libPods-mdsreact-mdsreactTests.a in Frameworks */ = {isa = PBXBuildFile; fileRef = F12902357361A34448732D79 /* libPods-mdsreact-mdsreactTests.a */; };
		58564E2A8943459DA7244706 /* ProfileFill.svg in Resources */ = {isa = PBXBuildFile; fileRef = EF5B524A6A374910BA8AFDCD /* ProfileFill.svg */; };
		5CD2E1785F054312B5177495 /* Gilroy-SemiBoldItalic.ttf in Resources */ = {isa = PBXBuildFile; fileRef = 2771C113A2284B85A24AD3FC /* Gilroy-SemiBoldItalic.ttf */; };
		610B981AAE8F42C1B3D5E299 /* Gilroy-RegularItalic.ttf in Resources */ = {isa = PBXBuildFile; fileRef = B715295CAEFD472E82ED675B /* Gilroy-RegularItalic.ttf */; };
		640E5A25F52D40AEAFC5E4CB /* Bookmark.svg in Resources */ = {isa = PBXBuildFile; fileRef = AECA138572A14247BD46A207 /* Bookmark.svg */; };
		68B5E439AE18439CAC6FE2D0 /* Gilroy-UltraLight.ttf in Resources */ = {isa = PBXBuildFile; fileRef = E252641A55714D5DA2E4412B /* Gilroy-UltraLight.ttf */; };
		6C886E9AB83F4DE2AA193BFA /* Gilroy-BlackItalic.ttf in Resources */ = {isa = PBXBuildFile; fileRef = 2E638CCBE7D64E1DA6A89240 /* Gilroy-BlackItalic.ttf */; };
		81AB9BB82411601600AC10FF /* LaunchScreen.storyboard in Resources */ = {isa = PBXBuildFile; fileRef = 81AB9BB72411601600AC10FF /* LaunchScreen.storyboard */; };
		96E3873F20574522AF7E118D /* Gilroy-Thin.ttf in Resources */ = {isa = PBXBuildFile; fileRef = FA229F0EC75C4809B1AF0028 /* Gilroy-Thin.ttf */; };
		9E680F52BC054310B7E3622F /* Gilroy-Regular.ttf in Resources */ = {isa = PBXBuildFile; fileRef = 04490A810C7B413DA2CDD98C /* Gilroy-Regular.ttf */; };
		9FDE1DC56A184DC4802DFCEF /* Gilroy-SemiBold.ttf in Resources */ = {isa = PBXBuildFile; fileRef = 58F7525894A94D278ECF9130 /* Gilroy-SemiBold.ttf */; };
		AE94D2B1865A4E26A3F9F7BD /* Gilroy-Heavy.ttf in Resources */ = {isa = PBXBuildFile; fileRef = CA0B230D31124FB7A6142CBB /* Gilroy-Heavy.ttf */; };
		B6B76772440C42BC80D98D61 /* AddIcon.svg in Resources */ = {isa = PBXBuildFile; fileRef = B60385FF93D54BDEB4EFA59E /* AddIcon.svg */; };
		BB5AF57FBD8D486A827AF1BE /* SearchFill.svg in Resources */ = {isa = PBXBuildFile; fileRef = 3E91B55BDF624EE1812647AD /* SearchFill.svg */; };
		BE967EC1814A4FBFAA2838CE /* Gilroy-LightItalic.ttf in Resources */ = {isa = PBXBuildFile; fileRef = 0C558C9FF0D044DDA910D2E1 /* Gilroy-LightItalic.ttf */; };
		C0E07A4DA0254B1495B6E73B /* Search.svg in Resources */ = {isa = PBXBuildFile; fileRef = 46F49E4AE35549F6B78245F0 /* Search.svg */; };
		C71C4F6ADA064B919D036877 /* Gilroy-Bold.ttf in Resources */ = {isa = PBXBuildFile; fileRef = CC34A9FAC18C4122BA5EBC66 /* Gilroy-Bold.ttf */; };
		CDFA9E96779745E7A1E1A5E5 /* Home.svg in Resources */ = {isa = PBXBuildFile; fileRef = 1A127682CF6B4FC399852292 /* Home.svg */; };
		CF40F43160E84C0B957DAA25 /* Gilroy-MediumItalic.ttf in Resources */ = {isa = PBXBuildFile; fileRef = 9BFFFFC24AA04F3AB1DC464F /* Gilroy-MediumItalic.ttf */; };
		CFAE70ADDA2B444783F12CB6 /* BookmarkFill.svg in Resources */ = {isa = PBXBuildFile; fileRef = 2A4FA3FEB45842DAA77F1454 /* BookmarkFill.svg */; };
		D8F4FE3950EE4FED95D2B401 /* Gilroy-BoldItalic.ttf in Resources */ = {isa = PBXBuildFile; fileRef = 9BA620B446ED431C8054E12F /* Gilroy-BoldItalic.ttf */; };
		DB60D9BD0422A9101CBF2644 /* PrivacyInfo.xcprivacy in Resources */ = {isa = PBXBuildFile; fileRef = CD3B8BD1733FE90D69B0E617 /* PrivacyInfo.xcprivacy */; };
		E6E1AFE5891A43A886945074 /* HomePicture.svg in Resources */ = {isa = PBXBuildFile; fileRef = 6C92CC68CBF7413EBA27FA8B /* HomePicture.svg */; };
		E7115B93EFDA4ACB84DFBF74 /* Gilroy-ThinItalic.ttf in Resources */ = {isa = PBXBuildFile; fileRef = 7EF860230DDB44EE903EE814 /* Gilroy-ThinItalic.ttf */; };
		F3736036D29445BF9A87A837 /* Gilroy-HeavyItalic.ttf in Resources */ = {isa = PBXBuildFile; fileRef = DF9003E731AE41C4B33B9B1F /* Gilroy-HeavyItalic.ttf */; };
		F8CAE1FA852C449F8CF70068 /* HomeFill.svg in Resources */ = {isa = PBXBuildFile; fileRef = 90FD9EE1034F4998837338C3 /* HomeFill.svg */; };
/* End PBXBuildFile section */

/* Begin PBXContainerItemProxy section */
		00E356F41AD99517003FC87E /* PBXContainerItemProxy */ = {
			isa = PBXContainerItemProxy;
			containerPortal = 83CBB9F71A601CBA00E9B192 /* Project object */;
			proxyType = 1;
			remoteGlobalIDString = 13B07F861A680F5B00A75B9A;
			remoteInfo = mdsreact;
		};
/* End PBXContainerItemProxy section */

/* Begin PBXFileReference section */
		00E356EE1AD99517003FC87E /* mdsreactTests.xctest */ = {isa = PBXFileReference; explicitFileType = wrapper.cfbundle; includeInIndex = 0; path = mdsreactTests.xctest; sourceTree = BUILT_PRODUCTS_DIR; };
		00E356F11AD99517003FC87E /* Info.plist */ = {isa = PBXFileReference; lastKnownFileType = text.plist.xml; path = Info.plist; sourceTree = "<group>"; };
		00E356F21AD99517003FC87E /* mdsreactTests.m */ = {isa = PBXFileReference; lastKnownFileType = sourcecode.c.objc; path = mdsreactTests.m; sourceTree = "<group>"; };
		04490A810C7B413DA2CDD98C /* Gilroy-Regular.ttf */ = {isa = PBXFileReference; explicitFileType = undefined; fileEncoding = undefined; includeInIndex = 0; lastKnownFileType = unknown; name = "Gilroy-Regular.ttf"; path = "../assets/fonts/Gilroy-Regular.ttf"; sourceTree = "<group>"; };
		0C558C9FF0D044DDA910D2E1 /* Gilroy-LightItalic.ttf */ = {isa = PBXFileReference; explicitFileType = undefined; fileEncoding = undefined; includeInIndex = 0; lastKnownFileType = unknown; name = "Gilroy-LightItalic.ttf"; path = "../assets/fonts/Gilroy-LightItalic.ttf"; sourceTree = "<group>"; };
		13B07F961A680F5B00A75B9A /* mdsreact.app */ = {isa = PBXFileReference; explicitFileType = wrapper.application; includeInIndex = 0; path = mdsreact.app; sourceTree = BUILT_PRODUCTS_DIR; };
		13B07FAF1A68108700A75B9A /* AppDelegate.h */ = {isa = PBXFileReference; fileEncoding = 4; lastKnownFileType = sourcecode.c.h; name = AppDelegate.h; path = mdsreact/AppDelegate.h; sourceTree = "<group>"; };
		13B07FB01A68108700A75B9A /* AppDelegate.mm */ = {isa = PBXFileReference; fileEncoding = 4; lastKnownFileType = sourcecode.cpp.objcpp; name = AppDelegate.mm; path = mdsreact/AppDelegate.mm; sourceTree = "<group>"; };
		13B07FB51A68108700A75B9A /* Images.xcassets */ = {isa = PBXFileReference; lastKnownFileType = folder.assetcatalog; name = Images.xcassets; path = mdsreact/Images.xcassets; sourceTree = "<group>"; };
		13B07FB61A68108700A75B9A /* Info.plist */ = {isa = PBXFileReference; fileEncoding = 4; lastKnownFileType = text.plist.xml; name = Info.plist; path = mdsreact/Info.plist; sourceTree = "<group>"; };
		13B07FB71A68108700A75B9A /* main.m */ = {isa = PBXFileReference; fileEncoding = 4; lastKnownFileType = sourcecode.c.objc; name = main.m; path = mdsreact/main.m; sourceTree = "<group>"; };
		13B07FB81A68108700A75B9A /* PrivacyInfo.xcprivacy */ = {isa = PBXFileReference; fileEncoding = 4; lastKnownFileType = text.plist.xml; name = PrivacyInfo.xcprivacy; path = mdsreact/PrivacyInfo.xcprivacy; sourceTree = "<group>"; };
		1A127682CF6B4FC399852292 /* Home.svg */ = {isa = PBXFileReference; explicitFileType = undefined; fileEncoding = undefined; includeInIndex = 0; lastKnownFileType = unknown; name = Home.svg; path = ../assets/images/svg/dark/Home.svg; sourceTree = "<group>"; };
		2771C113A2284B85A24AD3FC /* Gilroy-SemiBoldItalic.ttf */ = {isa = PBXFileReference; explicitFileType = undefined; fileEncoding = undefined; includeInIndex = 0; lastKnownFileType = unknown; name = "Gilroy-SemiBoldItalic.ttf"; path = "../assets/fonts/Gilroy-SemiBoldItalic.ttf"; sourceTree = "<group>"; };
		2A4FA3FEB45842DAA77F1454 /* BookmarkFill.svg */ = {isa = PBXFileReference; explicitFileType = undefined; fileEncoding = undefined; includeInIndex = 0; lastKnownFileType = unknown; name = BookmarkFill.svg; path = ../assets/images/svg/BookmarkFill.svg; sourceTree = "<group>"; };
		2E638CCBE7D64E1DA6A89240 /* Gilroy-BlackItalic.ttf */ = {isa = PBXFileReference; explicitFileType = undefined; fileEncoding = undefined; includeInIndex = 0; lastKnownFileType = unknown; name = "Gilroy-BlackItalic.ttf"; path = "../assets/fonts/Gilroy-BlackItalic.ttf"; sourceTree = "<group>"; };
		3447A77C1046780BCF1A25EE /* Pods-mdsreact.release.xcconfig */ = {isa = PBXFileReference; includeInIndex = 1; lastKnownFileType = text.xcconfig; name = "Pods-mdsreact.release.xcconfig"; path = "Target Support Files/Pods-mdsreact/Pods-mdsreact.release.xcconfig"; sourceTree = "<group>"; };
		3E91B55BDF624EE1812647AD /* SearchFill.svg */ = {isa = PBXFileReference; explicitFileType = undefined; fileEncoding = undefined; includeInIndex = 0; lastKnownFileType = unknown; name = SearchFill.svg; path = ../assets/images/svg/SearchFill.svg; sourceTree = "<group>"; };
		46F49E4AE35549F6B78245F0 /* Search.svg */ = {isa = PBXFileReference; explicitFileType = undefined; fileEncoding = undefined; includeInIndex = 0; lastKnownFileType = unknown; name = Search.svg; path = ../assets/images/svg/dark/Search.svg; sourceTree = "<group>"; };
		58F7525894A94D278ECF9130 /* Gilroy-SemiBold.ttf */ = {isa = PBXFileReference; explicitFileType = undefined; fileEncoding = undefined; includeInIndex = 0; lastKnownFileType = unknown; name = "Gilroy-SemiBold.ttf"; path = "../assets/fonts/Gilroy-SemiBold.ttf"; sourceTree = "<group>"; };
		6C92CC68CBF7413EBA27FA8B /* HomePicture.svg */ = {isa = PBXFileReference; explicitFileType = undefined; fileEncoding = undefined; includeInIndex = 0; lastKnownFileType = unknown; name = HomePicture.svg; path = ../assets/images/svg/HomePicture.svg; sourceTree = "<group>"; };
		78DEF98F25214F5085ABD216 /* Gilroy-ExtraBoldItalic.ttf */ = {isa = PBXFileReference; explicitFileType = undefined; fileEncoding = undefined; includeInIndex = 0; lastKnownFileType = unknown; name = "Gilroy-ExtraBoldItalic.ttf"; path = "../assets/fonts/Gilroy-ExtraBoldItalic.ttf"; sourceTree = "<group>"; };
		7EF860230DDB44EE903EE814 /* Gilroy-ThinItalic.ttf */ = {isa = PBXFileReference; explicitFileType = undefined; fileEncoding = undefined; includeInIndex = 0; lastKnownFileType = unknown; name = "Gilroy-ThinItalic.ttf"; path = "../assets/fonts/Gilroy-ThinItalic.ttf"; sourceTree = "<group>"; };
		81AB9BB72411601600AC10FF /* LaunchScreen.storyboard */ = {isa = PBXFileReference; fileEncoding = 4; lastKnownFileType = file.storyboard; name = LaunchScreen.storyboard; path = mdsreact/LaunchScreen.storyboard; sourceTree = "<group>"; };
		85A88FBC067C3EF4B176EC31 /* libPods-mdsreact.a */ = {isa = PBXFileReference; explicitFileType = archive.ar; includeInIndex = 0; path = "libPods-mdsreact.a"; sourceTree = BUILT_PRODUCTS_DIR; };
		90FD9EE1034F4998837338C3 /* HomeFill.svg */ = {isa = PBXFileReference; explicitFileType = undefined; fileEncoding = undefined; includeInIndex = 0; lastKnownFileType = unknown; name = HomeFill.svg; path = ../assets/images/svg/HomeFill.svg; sourceTree = "<group>"; };
		9BA620B446ED431C8054E12F /* Gilroy-BoldItalic.ttf */ = {isa = PBXFileReference; explicitFileType = undefined; fileEncoding = undefined; includeInIndex = 0; lastKnownFileType = unknown; name = "Gilroy-BoldItalic.ttf"; path = "../assets/fonts/Gilroy-BoldItalic.ttf"; sourceTree = "<group>"; };
		9BFFFFC24AA04F3AB1DC464F /* Gilroy-MediumItalic.ttf */ = {isa = PBXFileReference; explicitFileType = undefined; fileEncoding = undefined; includeInIndex = 0; lastKnownFileType = unknown; name = "Gilroy-MediumItalic.ttf"; path = "../assets/fonts/Gilroy-MediumItalic.ttf"; sourceTree = "<group>"; };
		A6632E0B59A34CA0930BA844 /* Gilroy-UltraLightItalic.ttf */ = {isa = PBXFileReference; explicitFileType = undefined; fileEncoding = undefined; includeInIndex = 0; lastKnownFileType = unknown; name = "Gilroy-UltraLightItalic.ttf"; path = "../assets/fonts/Gilroy-UltraLightItalic.ttf"; sourceTree = "<group>"; };
		AAA80FADE71F4E2784F2760C /* black_friday.png */ = {isa = PBXFileReference; explicitFileType = undefined; fileEncoding = undefined; includeInIndex = 0; lastKnownFileType = unknown; name = black_friday.png; path = ../assets/images/png/black_friday.png; sourceTree = "<group>"; };
		AEB5C067A7184AFEB4329A5B /* Gilroy-Black.ttf */ = {isa = PBXFileReference; explicitFileType = undefined; fileEncoding = undefined; includeInIndex = 0; lastKnownFileType = unknown; name = "Gilroy-Black.ttf"; path = "../assets/fonts/Gilroy-Black.ttf"; sourceTree = "<group>"; };
		AECA138572A14247BD46A207 /* Bookmark.svg */ = {isa = PBXFileReference; explicitFileType = undefined; fileEncoding = undefined; includeInIndex = 0; lastKnownFileType = unknown; name = Bookmark.svg; path = ../assets/images/svg/dark/Bookmark.svg; sourceTree = "<group>"; };
		B4720DF10FBA470081A2A116 /* Gilroy-Medium.ttf */ = {isa = PBXFileReference; explicitFileType = undefined; fileEncoding = undefined; includeInIndex = 0; lastKnownFileType = unknown; name = "Gilroy-Medium.ttf"; path = "../assets/fonts/Gilroy-Medium.ttf"; sourceTree = "<group>"; };
		B5901A28FCB7665DEB20E7D3 /* Pods-mdsreact.debug.xcconfig */ = {isa = PBXFileReference; includeInIndex = 1; lastKnownFileType = text.xcconfig; name = "Pods-mdsreact.debug.xcconfig"; path = "Target Support Files/Pods-mdsreact/Pods-mdsreact.debug.xcconfig"; sourceTree = "<group>"; };
		B60385FF93D54BDEB4EFA59E /* AddIcon.svg */ = {isa = PBXFileReference; explicitFileType = undefined; fileEncoding = undefined; includeInIndex = 0; lastKnownFileType = unknown; name = AddIcon.svg; path = ../assets/images/svg/dark/AddIcon.svg; sourceTree = "<group>"; };
		B715295CAEFD472E82ED675B /* Gilroy-RegularItalic.ttf */ = {isa = PBXFileReference; explicitFileType = undefined; fileEncoding = undefined; includeInIndex = 0; lastKnownFileType = unknown; name = "Gilroy-RegularItalic.ttf"; path = "../assets/fonts/Gilroy-RegularItalic.ttf"; sourceTree = "<group>"; };
		B9E3E2E8A492667ADFEDB5F0 /* Pods-mdsreact-mdsreactTests.release.xcconfig */ = {isa = PBXFileReference; includeInIndex = 1; lastKnownFileType = text.xcconfig; name = "Pods-mdsreact-mdsreactTests.release.xcconfig"; path = "Target Support Files/Pods-mdsreact-mdsreactTests/Pods-mdsreact-mdsreactTests.release.xcconfig"; sourceTree = "<group>"; };
		CA0B230D31124FB7A6142CBB /* Gilroy-Heavy.ttf */ = {isa = PBXFileReference; explicitFileType = undefined; fileEncoding = undefined; includeInIndex = 0; lastKnownFileType = unknown; name = "Gilroy-Heavy.ttf"; path = "../assets/fonts/Gilroy-Heavy.ttf"; sourceTree = "<group>"; };
		CC34A9FAC18C4122BA5EBC66 /* Gilroy-Bold.ttf */ = {isa = PBXFileReference; explicitFileType = undefined; fileEncoding = undefined; includeInIndex = 0; lastKnownFileType = unknown; name = "Gilroy-Bold.ttf"; path = "../assets/fonts/Gilroy-Bold.ttf"; sourceTree = "<group>"; };
		CD3B8BD1733FE90D69B0E617 /* PrivacyInfo.xcprivacy */ = {isa = PBXFileReference; includeInIndex = 1; lastKnownFileType = text.xml; name = PrivacyInfo.xcprivacy; path = mdsreact/PrivacyInfo.xcprivacy; sourceTree = "<group>"; };
		D0A9CD0930444DDFAC1D092B /* Gilroy-Light.ttf */ = {isa = PBXFileReference; explicitFileType = undefined; fileEncoding = undefined; includeInIndex = 0; lastKnownFileType = unknown; name = "Gilroy-Light.ttf"; path = "../assets/fonts/Gilroy-Light.ttf"; sourceTree = "<group>"; };
		DF9003E731AE41C4B33B9B1F /* Gilroy-HeavyItalic.ttf */ = {isa = PBXFileReference; explicitFileType = undefined; fileEncoding = undefined; includeInIndex = 0; lastKnownFileType = unknown; name = "Gilroy-HeavyItalic.ttf"; path = "../assets/fonts/Gilroy-HeavyItalic.ttf"; sourceTree = "<group>"; };
		E252641A55714D5DA2E4412B /* Gilroy-UltraLight.ttf */ = {isa = PBXFileReference; explicitFileType = undefined; fileEncoding = undefined; includeInIndex = 0; lastKnownFileType = unknown; name = "Gilroy-UltraLight.ttf"; path = "../assets/fonts/Gilroy-UltraLight.ttf"; sourceTree = "<group>"; };
		ED297162215061F000B7C4FE /* JavaScriptCore.framework */ = {isa = PBXFileReference; lastKnownFileType = wrapper.framework; name = JavaScriptCore.framework; path = System/Library/Frameworks/JavaScriptCore.framework; sourceTree = SDKROOT; };
		EE2228FC3548403E87830D8C /* Profile.svg */ = {isa = PBXFileReference; explicitFileType = undefined; fileEncoding = undefined; includeInIndex = 0; lastKnownFileType = unknown; name = Profile.svg; path = ../assets/images/svg/dark/Profile.svg; sourceTree = "<group>"; };
		EF5B524A6A374910BA8AFDCD /* ProfileFill.svg */ = {isa = PBXFileReference; explicitFileType = undefined; fileEncoding = undefined; includeInIndex = 0; lastKnownFileType = unknown; name = ProfileFill.svg; path = ../assets/images/svg/ProfileFill.svg; sourceTree = "<group>"; };
		F12902357361A34448732D79 /* libPods-mdsreact-mdsreactTests.a */ = {isa = PBXFileReference; explicitFileType = archive.ar; includeInIndex = 0; path = "libPods-mdsreact-mdsreactTests.a"; sourceTree = BUILT_PRODUCTS_DIR; };
		F6F2D6D3949361AFC4966A4A /* Pods-mdsreact-mdsreactTests.debug.xcconfig */ = {isa = PBXFileReference; includeInIndex = 1; lastKnownFileType = text.xcconfig; name = "Pods-mdsreact-mdsreactTests.debug.xcconfig"; path = "Target Support Files/Pods-mdsreact-mdsreactTests/Pods-mdsreact-mdsreactTests.debug.xcconfig"; sourceTree = "<group>"; };
		F92D546C09BE4EE3BB20F767 /* Gilroy-ExtraBold.ttf */ = {isa = PBXFileReference; explicitFileType = undefined; fileEncoding = undefined; includeInIndex = 0; lastKnownFileType = unknown; name = "Gilroy-ExtraBold.ttf"; path = "../assets/fonts/Gilroy-ExtraBold.ttf"; sourceTree = "<group>"; };
		FA229F0EC75C4809B1AF0028 /* Gilroy-Thin.ttf */ = {isa = PBXFileReference; explicitFileType = undefined; fileEncoding = undefined; includeInIndex = 0; lastKnownFileType = unknown; name = "Gilroy-Thin.ttf"; path = "../assets/fonts/Gilroy-Thin.ttf"; sourceTree = "<group>"; };
/* End PBXFileReference section */

/* Begin PBXFrameworksBuildPhase section */
		00E356EB1AD99517003FC87E /* Frameworks */ = {
			isa = PBXFrameworksBuildPhase;
			buildActionMask = 2147483647;
			files = (
				5555559651E73B66DD58090B /* libPods-mdsreact-mdsreactTests.a in Frameworks */,
			);
			runOnlyForDeploymentPostprocessing = 0;
		};
		13B07F8C1A680F5B00A75B9A /* Frameworks */ = {
			isa = PBXFrameworksBuildPhase;
			buildActionMask = 2147483647;
			files = (
				43DAF53B5F1EA0058CB9075F /* libPods-mdsreact.a in Frameworks */,
			);
			runOnlyForDeploymentPostprocessing = 0;
		};
/* End PBXFrameworksBuildPhase section */

/* Begin PBXGroup section */
		00E356EF1AD99517003FC87E /* mdsreactTests */ = {
			isa = PBXGroup;
			children = (
				00E356F21AD99517003FC87E /* mdsreactTests.m */,
				00E356F01AD99517003FC87E /* Supporting Files */,
			);
			path = mdsreactTests;
			sourceTree = "<group>";
		};
		00E356F01AD99517003FC87E /* Supporting Files */ = {
			isa = PBXGroup;
			children = (
				00E356F11AD99517003FC87E /* Info.plist */,
			);
			name = "Supporting Files";
			sourceTree = "<group>";
		};
		0BD9A155EA7541B691A201C0 /* Resources */ = {
			isa = PBXGroup;
			children = (
				AAA80FADE71F4E2784F2760C /* black_friday.png */,
				2A4FA3FEB45842DAA77F1454 /* BookmarkFill.svg */,
				90FD9EE1034F4998837338C3 /* HomeFill.svg */,
				6C92CC68CBF7413EBA27FA8B /* HomePicture.svg */,
				EF5B524A6A374910BA8AFDCD /* ProfileFill.svg */,
				3E91B55BDF624EE1812647AD /* SearchFill.svg */,
				B60385FF93D54BDEB4EFA59E /* AddIcon.svg */,
				AECA138572A14247BD46A207 /* Bookmark.svg */,
				1A127682CF6B4FC399852292 /* Home.svg */,
				EE2228FC3548403E87830D8C /* Profile.svg */,
				46F49E4AE35549F6B78245F0 /* Search.svg */,
				AEB5C067A7184AFEB4329A5B /* Gilroy-Black.ttf */,
				2E638CCBE7D64E1DA6A89240 /* Gilroy-BlackItalic.ttf */,
				CC34A9FAC18C4122BA5EBC66 /* Gilroy-Bold.ttf */,
				9BA620B446ED431C8054E12F /* Gilroy-BoldItalic.ttf */,
				F92D546C09BE4EE3BB20F767 /* Gilroy-ExtraBold.ttf */,
				78DEF98F25214F5085ABD216 /* Gilroy-ExtraBoldItalic.ttf */,
				CA0B230D31124FB7A6142CBB /* Gilroy-Heavy.ttf */,
				DF9003E731AE41C4B33B9B1F /* Gilroy-HeavyItalic.ttf */,
				D0A9CD0930444DDFAC1D092B /* Gilroy-Light.ttf */,
				0C558C9FF0D044DDA910D2E1 /* Gilroy-LightItalic.ttf */,
				B4720DF10FBA470081A2A116 /* Gilroy-Medium.ttf */,
				9BFFFFC24AA04F3AB1DC464F /* Gilroy-MediumItalic.ttf */,
				04490A810C7B413DA2CDD98C /* Gilroy-Regular.ttf */,
				B715295CAEFD472E82ED675B /* Gilroy-RegularItalic.ttf */,
				58F7525894A94D278ECF9130 /* Gilroy-SemiBold.ttf */,
				2771C113A2284B85A24AD3FC /* Gilroy-SemiBoldItalic.ttf */,
				FA229F0EC75C4809B1AF0028 /* Gilroy-Thin.ttf */,
				7EF860230DDB44EE903EE814 /* Gilroy-ThinItalic.ttf */,
				E252641A55714D5DA2E4412B /* Gilroy-UltraLight.ttf */,
				A6632E0B59A34CA0930BA844 /* Gilroy-UltraLightItalic.ttf */,
			);
			name = Resources;
			path = "";
			sourceTree = "<group>";
		};
		13B07FAE1A68108700A75B9A /* mdsreact */ = {
			isa = PBXGroup;
			children = (
				13B07FAF1A68108700A75B9A /* AppDelegate.h */,
				13B07FB01A68108700A75B9A /* AppDelegate.mm */,
				13B07FB51A68108700A75B9A /* Images.xcassets */,
				13B07FB61A68108700A75B9A /* Info.plist */,
				81AB9BB72411601600AC10FF /* LaunchScreen.storyboard */,
				13B07FB71A68108700A75B9A /* main.m */,
				13B07FB81A68108700A75B9A /* PrivacyInfo.xcprivacy */,
				CD3B8BD1733FE90D69B0E617 /* PrivacyInfo.xcprivacy */,
			);
			name = mdsreact;
			sourceTree = "<group>";
		};
		2D16E6871FA4F8E400B85C8A /* Frameworks */ = {
			isa = PBXGroup;
			children = (
				ED297162215061F000B7C4FE /* JavaScriptCore.framework */,
				85A88FBC067C3EF4B176EC31 /* libPods-mdsreact.a */,
				F12902357361A34448732D79 /* libPods-mdsreact-mdsreactTests.a */,
			);
			name = Frameworks;
			sourceTree = "<group>";
		};
		832341AE1AAA6A7D00B99B32 /* Libraries */ = {
			isa = PBXGroup;
			children = (
			);
			name = Libraries;
			sourceTree = "<group>";
		};
		83CBB9F61A601CBA00E9B192 = {
			isa = PBXGroup;
			children = (
				13B07FAE1A68108700A75B9A /* mdsreact */,
				832341AE1AAA6A7D00B99B32 /* Libraries */,
				00E356EF1AD99517003FC87E /* mdsreactTests */,
				83CBBA001A601CBA00E9B192 /* Products */,
				2D16E6871FA4F8E400B85C8A /* Frameworks */,
				BBD78D7AC51CEA395F1C20DB /* Pods */,
				0BD9A155EA7541B691A201C0 /* Resources */,
			);
			indentWidth = 2;
			sourceTree = "<group>";
			tabWidth = 2;
			usesTabs = 0;
		};
		83CBBA001A601CBA00E9B192 /* Products */ = {
			isa = PBXGroup;
			children = (
				13B07F961A680F5B00A75B9A /* mdsreact.app */,
				00E356EE1AD99517003FC87E /* mdsreactTests.xctest */,
			);
			name = Products;
			sourceTree = "<group>";
		};
		BBD78D7AC51CEA395F1C20DB /* Pods */ = {
			isa = PBXGroup;
			children = (
				B5901A28FCB7665DEB20E7D3 /* Pods-mdsreact.debug.xcconfig */,
				3447A77C1046780BCF1A25EE /* Pods-mdsreact.release.xcconfig */,
				F6F2D6D3949361AFC4966A4A /* Pods-mdsreact-mdsreactTests.debug.xcconfig */,
				B9E3E2E8A492667ADFEDB5F0 /* Pods-mdsreact-mdsreactTests.release.xcconfig */,
			);
			path = Pods;
			sourceTree = "<group>";
		};
/* End PBXGroup section */

/* Begin PBXNativeTarget section */
		00E356ED1AD99517003FC87E /* mdsreactTests */ = {
			isa = PBXNativeTarget;
			buildConfigurationList = 00E357021AD99517003FC87E /* Build configuration list for PBXNativeTarget "mdsreactTests" */;
			buildPhases = (
				34F2983EEF790A323085CB09 /* [CP] Check Pods Manifest.lock */,
				00E356EA1AD99517003FC87E /* Sources */,
				00E356EB1AD99517003FC87E /* Frameworks */,
				00E356EC1AD99517003FC87E /* Resources */,
				2065E3B230A63F85FCA25C1C /* [CP] Embed Pods Frameworks */,
				747B090FA8630D89351ECA5E /* [CP] Copy Pods Resources */,
			);
			buildRules = (
			);
			dependencies = (
				00E356F51AD99517003FC87E /* PBXTargetDependency */,
			);
			name = mdsreactTests;
			productName = mdsreactTests;
			productReference = 00E356EE1AD99517003FC87E /* mdsreactTests.xctest */;
			productType = "com.apple.product-type.bundle.unit-test";
		};
		13B07F861A680F5B00A75B9A /* mdsreact */ = {
			isa = PBXNativeTarget;
			buildConfigurationList = 13B07F931A680F5B00A75B9A /* Build configuration list for PBXNativeTarget "mdsreact" */;
			buildPhases = (
				A70EC64319667F6124FCAC82 /* [CP] Check Pods Manifest.lock */,
				13B07F871A680F5B00A75B9A /* Sources */,
				13B07F8C1A680F5B00A75B9A /* Frameworks */,
				13B07F8E1A680F5B00A75B9A /* Resources */,
				00DD1BFF1BD5951E006B06BC /* Bundle React Native code and images */,
				CADDC664BE015C3D3D7FFDCB /* [CP] Embed Pods Frameworks */,
				257D09F8466A445EF0AF6553 /* [CP] Copy Pods Resources */,
			);
			buildRules = (
			);
			dependencies = (
			);
			name = mdsreact;
			productName = mdsreact;
			productReference = 13B07F961A680F5B00A75B9A /* mdsreact.app */;
			productType = "com.apple.product-type.application";
		};
/* End PBXNativeTarget section */

/* Begin PBXProject section */
		83CBB9F71A601CBA00E9B192 /* Project object */ = {
			isa = PBXProject;
			attributes = {
				LastUpgradeCheck = 1210;
				TargetAttributes = {
					00E356ED1AD99517003FC87E = {
						CreatedOnToolsVersion = 6.2;
						TestTargetID = 13B07F861A680F5B00A75B9A;
					};
					13B07F861A680F5B00A75B9A = {
						LastSwiftMigration = 1120;
					};
				};
			};
			buildConfigurationList = 83CBB9FA1A601CBA00E9B192 /* Build configuration list for PBXProject "mdsreact" */;
			compatibilityVersion = "Xcode 12.0";
			developmentRegion = en;
			hasScannedForEncodings = 0;
			knownRegions = (
				en,
				Base,
			);
			mainGroup = 83CBB9F61A601CBA00E9B192;
			productRefGroup = 83CBBA001A601CBA00E9B192 /* Products */;
			projectDirPath = "";
			projectRoot = "";
			targets = (
				13B07F861A680F5B00A75B9A /* mdsreact */,
				00E356ED1AD99517003FC87E /* mdsreactTests */,
			);
		};
/* End PBXProject section */

/* Begin PBXResourcesBuildPhase section */
		00E356EC1AD99517003FC87E /* Resources */ = {
			isa = PBXResourcesBuildPhase;
			buildActionMask = 2147483647;
			files = (
			);
			runOnlyForDeploymentPostprocessing = 0;
		};
		13B07F8E1A680F5B00A75B9A /* Resources */ = {
			isa = PBXResourcesBuildPhase;
			buildActionMask = 2147483647;
			files = (
				81AB9BB82411601600AC10FF /* LaunchScreen.storyboard in Resources */,
				13B07FBF1A68108700A75B9A /* Images.xcassets in Resources */,
				DB60D9BD0422A9101CBF2644 /* PrivacyInfo.xcprivacy in Resources */,
				46AF7D8971284012B9C4795A /* black_friday.png in Resources */,
				CFAE70ADDA2B444783F12CB6 /* BookmarkFill.svg in Resources */,
				F8CAE1FA852C449F8CF70068 /* HomeFill.svg in Resources */,
				E6E1AFE5891A43A886945074 /* HomePicture.svg in Resources */,
				58564E2A8943459DA7244706 /* ProfileFill.svg in Resources */,
				BB5AF57FBD8D486A827AF1BE /* SearchFill.svg in Resources */,
				B6B76772440C42BC80D98D61 /* AddIcon.svg in Resources */,
				640E5A25F52D40AEAFC5E4CB /* Bookmark.svg in Resources */,
				CDFA9E96779745E7A1E1A5E5 /* Home.svg in Resources */,
				1B704784868C4BD088015C08 /* Profile.svg in Resources */,
				C0E07A4DA0254B1495B6E73B /* Search.svg in Resources */,
				04D5A417107841A19F483BF5 /* Gilroy-Black.ttf in Resources */,
				6C886E9AB83F4DE2AA193BFA /* Gilroy-BlackItalic.ttf in Resources */,
				C71C4F6ADA064B919D036877 /* Gilroy-Bold.ttf in Resources */,
				D8F4FE3950EE4FED95D2B401 /* Gilroy-BoldItalic.ttf in Resources */,
				4D617ADD1C684ED5BAB8A0B2 /* Gilroy-ExtraBold.ttf in Resources */,
				3D751088D3E24C10B11BF5A8 /* Gilroy-ExtraBoldItalic.ttf in Resources */,
				AE94D2B1865A4E26A3F9F7BD /* Gilroy-Heavy.ttf in Resources */,
				F3736036D29445BF9A87A837 /* Gilroy-HeavyItalic.ttf in Resources */,
				0987A8A9A4F442D3B21BCB10 /* Gilroy-Light.ttf in Resources */,
				BE967EC1814A4FBFAA2838CE /* Gilroy-LightItalic.ttf in Resources */,
				1DFE8470E932408E8BB834D7 /* Gilroy-Medium.ttf in Resources */,
				CF40F43160E84C0B957DAA25 /* Gilroy-MediumItalic.ttf in Resources */,
				9E680F52BC054310B7E3622F /* Gilroy-Regular.ttf in Resources */,
				610B981AAE8F42C1B3D5E299 /* Gilroy-RegularItalic.ttf in Resources */,
				9FDE1DC56A184DC4802DFCEF /* Gilroy-SemiBold.ttf in Resources */,
				5CD2E1785F054312B5177495 /* Gilroy-SemiBoldItalic.ttf in Resources */,
				96E3873F20574522AF7E118D /* Gilroy-Thin.ttf in Resources */,
				E7115B93EFDA4ACB84DFBF74 /* Gilroy-ThinItalic.ttf in Resources */,
				68B5E439AE18439CAC6FE2D0 /* Gilroy-UltraLight.ttf in Resources */,
				1522ACA69CDA40FDA03AFBEB /* Gilroy-UltraLightItalic.ttf in Resources */,
			);
			runOnlyForDeploymentPostprocessing = 0;
		};
/* End PBXResourcesBuildPhase section */

/* Begin PBXShellScriptBuildPhase section */
		00DD1BFF1BD5951E006B06BC /* Bundle React Native code and images */ = {
			isa = PBXShellScriptBuildPhase;
			buildActionMask = 2147483647;
			files = (
			);
			inputPaths = (
				"$(SRCROOT)/.xcode.env.local",
				"$(SRCROOT)/.xcode.env",
			);
			name = "Bundle React Native code and images";
			outputPaths = (
			);
			runOnlyForDeploymentPostprocessing = 0;
			shellPath = /bin/sh;
			shellScript = "set -e\n\nWITH_ENVIRONMENT=\"$REACT_NATIVE_PATH/scripts/xcode/with-environment.sh\"\nREACT_NATIVE_XCODE=\"$REACT_NATIVE_PATH/scripts/react-native-xcode.sh\"\n\n/bin/sh -c \"$WITH_ENVIRONMENT $REACT_NATIVE_XCODE\"\n";
		};
		2065E3B230A63F85FCA25C1C /* [CP] Embed Pods Frameworks */ = {
			isa = PBXShellScriptBuildPhase;
			buildActionMask = 2147483647;
			files = (
			);
			inputFileListPaths = (
				"${PODS_ROOT}/Target Support Files/Pods-mdsreact-mdsreactTests/Pods-mdsreact-mdsreactTests-frameworks-${CONFIGURATION}-input-files.xcfilelist",
			);
			name = "[CP] Embed Pods Frameworks";
			outputFileListPaths = (
				"${PODS_ROOT}/Target Support Files/Pods-mdsreact-mdsreactTests/Pods-mdsreact-mdsreactTests-frameworks-${CONFIGURATION}-output-files.xcfilelist",
			);
			runOnlyForDeploymentPostprocessing = 0;
			shellPath = /bin/sh;
			shellScript = "\"${PODS_ROOT}/Target Support Files/Pods-mdsreact-mdsreactTests/Pods-mdsreact-mdsreactTests-frameworks.sh\"\n";
			showEnvVarsInLog = 0;
		};
		257D09F8466A445EF0AF6553 /* [CP] Copy Pods Resources */ = {
			isa = PBXShellScriptBuildPhase;
			buildActionMask = 2147483647;
			files = (
			);
			inputFileListPaths = (
				"${PODS_ROOT}/Target Support Files/Pods-mdsreact/Pods-mdsreact-resources-${CONFIGURATION}-input-files.xcfilelist",
			);
			name = "[CP] Copy Pods Resources";
			outputFileListPaths = (
				"${PODS_ROOT}/Target Support Files/Pods-mdsreact/Pods-mdsreact-resources-${CONFIGURATION}-output-files.xcfilelist",
			);
			runOnlyForDeploymentPostprocessing = 0;
			shellPath = /bin/sh;
			shellScript = "\"${PODS_ROOT}/Target Support Files/Pods-mdsreact/Pods-mdsreact-resources.sh\"\n";
			showEnvVarsInLog = 0;
		};
		34F2983EEF790A323085CB09 /* [CP] Check Pods Manifest.lock */ = {
			isa = PBXShellScriptBuildPhase;
			buildActionMask = 2147483647;
			files = (
			);
			inputFileListPaths = (
			);
			inputPaths = (
				"${PODS_PODFILE_DIR_PATH}/Podfile.lock",
				"${PODS_ROOT}/Manifest.lock",
			);
			name = "[CP] Check Pods Manifest.lock";
			outputFileListPaths = (
			);
			outputPaths = (
				"$(DERIVED_FILE_DIR)/Pods-mdsreact-mdsreactTests-checkManifestLockResult.txt",
			);
			runOnlyForDeploymentPostprocessing = 0;
			shellPath = /bin/sh;
			shellScript = "diff \"${PODS_PODFILE_DIR_PATH}/Podfile.lock\" \"${PODS_ROOT}/Manifest.lock\" > /dev/null\nif [ $? != 0 ] ; then\n    # print error to STDERR\n    echo \"error: The sandbox is not in sync with the Podfile.lock. Run 'pod install' or update your CocoaPods installation.\" >&2\n    exit 1\nfi\n# This output is used by Xcode 'outputs' to avoid re-running this script phase.\necho \"SUCCESS\" > \"${SCRIPT_OUTPUT_FILE_0}\"\n";
			showEnvVarsInLog = 0;
		};
		747B090FA8630D89351ECA5E /* [CP] Copy Pods Resources */ = {
			isa = PBXShellScriptBuildPhase;
			buildActionMask = 2147483647;
			files = (
			);
			inputFileListPaths = (
				"${PODS_ROOT}/Target Support Files/Pods-mdsreact-mdsreactTests/Pods-mdsreact-mdsreactTests-resources-${CONFIGURATION}-input-files.xcfilelist",
			);
			name = "[CP] Copy Pods Resources";
			outputFileListPaths = (
				"${PODS_ROOT}/Target Support Files/Pods-mdsreact-mdsreactTests/Pods-mdsreact-mdsreactTests-resources-${CONFIGURATION}-output-files.xcfilelist",
			);
			runOnlyForDeploymentPostprocessing = 0;
			shellPath = /bin/sh;
			shellScript = "\"${PODS_ROOT}/Target Support Files/Pods-mdsreact-mdsreactTests/Pods-mdsreact-mdsreactTests-resources.sh\"\n";
			showEnvVarsInLog = 0;
		};
		A70EC64319667F6124FCAC82 /* [CP] Check Pods Manifest.lock */ = {
			isa = PBXShellScriptBuildPhase;
			buildActionMask = 2147483647;
			files = (
			);
			inputFileListPaths = (
			);
			inputPaths = (
				"${PODS_PODFILE_DIR_PATH}/Podfile.lock",
				"${PODS_ROOT}/Manifest.lock",
			);
			name = "[CP] Check Pods Manifest.lock";
			outputFileListPaths = (
			);
			outputPaths = (
				"$(DERIVED_FILE_DIR)/Pods-mdsreact-checkManifestLockResult.txt",
			);
			runOnlyForDeploymentPostprocessing = 0;
			shellPath = /bin/sh;
			shellScript = "diff \"${PODS_PODFILE_DIR_PATH}/Podfile.lock\" \"${PODS_ROOT}/Manifest.lock\" > /dev/null\nif [ $? != 0 ] ; then\n    # print error to STDERR\n    echo \"error: The sandbox is not in sync with the Podfile.lock. Run 'pod install' or update your CocoaPods installation.\" >&2\n    exit 1\nfi\n# This output is used by Xcode 'outputs' to avoid re-running this script phase.\necho \"SUCCESS\" > \"${SCRIPT_OUTPUT_FILE_0}\"\n";
			showEnvVarsInLog = 0;
		};
		CADDC664BE015C3D3D7FFDCB /* [CP] Embed Pods Frameworks */ = {
			isa = PBXShellScriptBuildPhase;
			buildActionMask = 2147483647;
			files = (
			);
			inputFileListPaths = (
				"${PODS_ROOT}/Target Support Files/Pods-mdsreact/Pods-mdsreact-frameworks-${CONFIGURATION}-input-files.xcfilelist",
			);
			name = "[CP] Embed Pods Frameworks";
			outputFileListPaths = (
				"${PODS_ROOT}/Target Support Files/Pods-mdsreact/Pods-mdsreact-frameworks-${CONFIGURATION}-output-files.xcfilelist",
			);
			runOnlyForDeploymentPostprocessing = 0;
			shellPath = /bin/sh;
			shellScript = "\"${PODS_ROOT}/Target Support Files/Pods-mdsreact/Pods-mdsreact-frameworks.sh\"\n";
			showEnvVarsInLog = 0;
		};
/* End PBXShellScriptBuildPhase section */

/* Begin PBXSourcesBuildPhase section */
		00E356EA1AD99517003FC87E /* Sources */ = {
			isa = PBXSourcesBuildPhase;
			buildActionMask = 2147483647;
			files = (
				00E356F31AD99517003FC87E /* mdsreactTests.m in Sources */,
			);
			runOnlyForDeploymentPostprocessing = 0;
		};
		13B07F871A680F5B00A75B9A /* Sources */ = {
			isa = PBXSourcesBuildPhase;
			buildActionMask = 2147483647;
			files = (
				13B07FBC1A68108700A75B9A /* AppDelegate.mm in Sources */,
				13B07FC11A68108700A75B9A /* main.m in Sources */,
			);
			runOnlyForDeploymentPostprocessing = 0;
		};
/* End PBXSourcesBuildPhase section */

/* Begin PBXTargetDependency section */
		00E356F51AD99517003FC87E /* PBXTargetDependency */ = {
			isa = PBXTargetDependency;
			target = 13B07F861A680F5B00A75B9A /* mdsreact */;
			targetProxy = 00E356F41AD99517003FC87E /* PBXContainerItemProxy */;
		};
/* End PBXTargetDependency section */

/* Begin XCBuildConfiguration section */
		00E356F61AD99517003FC87E /* Debug */ = {
			isa = XCBuildConfiguration;
			baseConfigurationReference = F6F2D6D3949361AFC4966A4A /* Pods-mdsreact-mdsreactTests.debug.xcconfig */;
			buildSettings = {
				BUNDLE_LOADER = "$(TEST_HOST)";
				GCC_PREPROCESSOR_DEFINITIONS = (
					"DEBUG=1",
					"$(inherited)",
				);
				INFOPLIST_FILE = mdsreactTests/Info.plist;
				IPHONEOS_DEPLOYMENT_TARGET = 13.4;
				LD_RUNPATH_SEARCH_PATHS = (
					"$(inherited)",
					"@executable_path/Frameworks",
					"@loader_path/Frameworks",
				);
				OTHER_LDFLAGS = (
					"-ObjC",
					"-lc++",
					"$(inherited)",
				);
				PRODUCT_BUNDLE_IDENTIFIER = "org.reactjs.native.example.$(PRODUCT_NAME:rfc1034identifier)";
				PRODUCT_NAME = "$(TARGET_NAME)";
				TEST_HOST = "$(BUILT_PRODUCTS_DIR)/mdsreact.app/mdsreact";
			};
			name = Debug;
		};
		00E356F71AD99517003FC87E /* Release */ = {
			isa = XCBuildConfiguration;
			baseConfigurationReference = B9E3E2E8A492667ADFEDB5F0 /* Pods-mdsreact-mdsreactTests.release.xcconfig */;
			buildSettings = {
				BUNDLE_LOADER = "$(TEST_HOST)";
				COPY_PHASE_STRIP = NO;
				INFOPLIST_FILE = mdsreactTests/Info.plist;
				IPHONEOS_DEPLOYMENT_TARGET = 13.4;
				LD_RUNPATH_SEARCH_PATHS = (
					"$(inherited)",
					"@executable_path/Frameworks",
					"@loader_path/Frameworks",
				);
				OTHER_LDFLAGS = (
					"-ObjC",
					"-lc++",
					"$(inherited)",
				);
				PRODUCT_BUNDLE_IDENTIFIER = "org.reactjs.native.example.$(PRODUCT_NAME:rfc1034identifier)";
				PRODUCT_NAME = "$(TARGET_NAME)";
				TEST_HOST = "$(BUILT_PRODUCTS_DIR)/mdsreact.app/mdsreact";
			};
			name = Release;
		};
		13B07F941A680F5B00A75B9A /* Debug */ = {
			isa = XCBuildConfiguration;
			baseConfigurationReference = B5901A28FCB7665DEB20E7D3 /* Pods-mdsreact.debug.xcconfig */;
			buildSettings = {
				ASSETCATALOG_COMPILER_APPICON_NAME = AppIcon;
				CLANG_ALLOW_NON_MODULAR_INCLUDES_IN_FRAMEWORK_MODULES = YES;
				CLANG_ENABLE_MODULES = YES;
				CURRENT_PROJECT_VERSION = 1;
				ENABLE_BITCODE = NO;
				INFOPLIST_FILE = mdsreact/Info.plist;
				LD_RUNPATH_SEARCH_PATHS = (
					"$(inherited)",
					"@executable_path/Frameworks",
				);
				MARKETING_VERSION = 1.0;
				OTHER_LDFLAGS = (
					"$(inherited)",
					"-ObjC",
					"-lc++",
				);
				PRODUCT_BUNDLE_IDENTIFIER = "org.reactjs.native.example.$(PRODUCT_NAME:rfc1034identifier)";
				PRODUCT_NAME = mdsreact;
				SWIFT_OPTIMIZATION_LEVEL = "-Onone";
				SWIFT_VERSION = 5.0;
				VERSIONING_SYSTEM = "apple-generic";
			};
			name = Debug;
		};
		13B07F951A680F5B00A75B9A /* Release */ = {
			isa = XCBuildConfiguration;
			baseConfigurationReference = 3447A77C1046780BCF1A25EE /* Pods-mdsreact.release.xcconfig */;
			buildSettings = {
				ASSETCATALOG_COMPILER_APPICON_NAME = AppIcon;
				CLANG_ALLOW_NON_MODULAR_INCLUDES_IN_FRAMEWORK_MODULES = YES;
				CLANG_ENABLE_MODULES = YES;
				CURRENT_PROJECT_VERSION = 1;
				INFOPLIST_FILE = mdsreact/Info.plist;
				LD_RUNPATH_SEARCH_PATHS = (
					"$(inherited)",
					"@executable_path/Frameworks",
				);
				MARKETING_VERSION = 1.0;
				OTHER_LDFLAGS = (
					"$(inherited)",
					"-ObjC",
					"-lc++",
				);
				PRODUCT_BUNDLE_IDENTIFIER = "org.reactjs.native.example.$(PRODUCT_NAME:rfc1034identifier)";
				PRODUCT_NAME = mdsreact;
				SWIFT_VERSION = 5.0;
				VERSIONING_SYSTEM = "apple-generic";
			};
			name = Release;
		};
		83CBBA201A601CBA00E9B192 /* Debug */ = {
			isa = XCBuildConfiguration;
			buildSettings = {
				ALWAYS_SEARCH_USER_PATHS = NO;
				CC = "";
				CLANG_ANALYZER_LOCALIZABILITY_NONLOCALIZED = YES;
				CLANG_CXX_LANGUAGE_STANDARD = "c++20";
				CLANG_CXX_LIBRARY = "libc++";
				CLANG_ENABLE_MODULES = YES;
				CLANG_ENABLE_OBJC_ARC = YES;
				CLANG_WARN_BLOCK_CAPTURE_AUTORELEASING = YES;
				CLANG_WARN_BOOL_CONVERSION = YES;
				CLANG_WARN_COMMA = YES;
				CLANG_WARN_CONSTANT_CONVERSION = YES;
				CLANG_WARN_DEPRECATED_OBJC_IMPLEMENTATIONS = YES;
				CLANG_WARN_DIRECT_OBJC_ISA_USAGE = YES_ERROR;
				CLANG_WARN_EMPTY_BODY = YES;
				CLANG_WARN_ENUM_CONVERSION = YES;
				CLANG_WARN_INFINITE_RECURSION = YES;
				CLANG_WARN_INT_CONVERSION = YES;
				CLANG_WARN_NON_LITERAL_NULL_CONVERSION = YES;
				CLANG_WARN_OBJC_IMPLICIT_RETAIN_SELF = YES;
				CLANG_WARN_OBJC_LITERAL_CONVERSION = YES;
				CLANG_WARN_OBJC_ROOT_CLASS = YES_ERROR;
				CLANG_WARN_QUOTED_INCLUDE_IN_FRAMEWORK_HEADER = YES;
				CLANG_WARN_RANGE_LOOP_ANALYSIS = YES;
				CLANG_WARN_STRICT_PROTOTYPES = YES;
				CLANG_WARN_SUSPICIOUS_MOVE = YES;
				CLANG_WARN_UNREACHABLE_CODE = YES;
				CLANG_WARN__DUPLICATE_METHOD_MATCH = YES;
				"CODE_SIGN_IDENTITY[sdk=iphoneos*]" = "iPhone Developer";
				COPY_PHASE_STRIP = NO;
				CXX = "";
				ENABLE_STRICT_OBJC_MSGSEND = YES;
				ENABLE_TESTABILITY = YES;
				"EXCLUDED_ARCHS[sdk=iphonesimulator*]" = "";
				GCC_C_LANGUAGE_STANDARD = gnu99;
				GCC_DYNAMIC_NO_PIC = NO;
				GCC_NO_COMMON_BLOCKS = YES;
				GCC_OPTIMIZATION_LEVEL = 0;
				GCC_PREPROCESSOR_DEFINITIONS = (
					"DEBUG=1",
					"$(inherited)",
				);
				GCC_SYMBOLS_PRIVATE_EXTERN = NO;
				GCC_WARN_64_TO_32_BIT_CONVERSION = YES;
				GCC_WARN_ABOUT_RETURN_TYPE = YES_ERROR;
				GCC_WARN_UNDECLARED_SELECTOR = YES;
				GCC_WARN_UNINITIALIZED_AUTOS = YES_AGGRESSIVE;
				GCC_WARN_UNUSED_FUNCTION = YES;
				GCC_WARN_UNUSED_VARIABLE = YES;
				IPHONEOS_DEPLOYMENT_TARGET = 13.4;
				LD = "";
				LDPLUSPLUS = "";
				LD_RUNPATH_SEARCH_PATHS = (
					/usr/lib/swift,
					"$(inherited)",
				);
				LIBRARY_SEARCH_PATHS = (
					"\"$(SDKROOT)/usr/lib/swift\"",
					"\"$(TOOLCHAIN_DIR)/usr/lib/swift/$(PLATFORM_NAME)\"",
					"\"$(inherited)\"",
				);
				MTL_ENABLE_DEBUG_INFO = YES;
				ONLY_ACTIVE_ARCH = YES;
				OTHER_CPLUSPLUSFLAGS = (
					"$(OTHER_CFLAGS)",
					"-DFOLLY_NO_CONFIG",
					"-DFOLLY_MOBILE=1",
					"-DFOLLY_USE_LIBCPP=1",
					"-DFOLLY_CFG_NO_COROUTINES=1",
					"-DFOLLY_HAVE_CLOCK_GETTIME=1",
				);
				OTHER_LDFLAGS = (
					"$(inherited)",
					" ",
				);
				REACT_NATIVE_PATH = "${PODS_ROOT}/../../node_modules/react-native";
				SDKROOT = iphoneos;
				SWIFT_ACTIVE_COMPILATION_CONDITIONS = "$(inherited) DEBUG";
				USE_HERMES = true;
			};
			name = Debug;
		};
		83CBBA211A601CBA00E9B192 /* Release */ = {
			isa = XCBuildConfiguration;
			buildSettings = {
				ALWAYS_SEARCH_USER_PATHS = NO;
				CC = "";
				CLANG_ANALYZER_LOCALIZABILITY_NONLOCALIZED = YES;
				CLANG_CXX_LANGUAGE_STANDARD = "c++20";
				CLANG_CXX_LIBRARY = "libc++";
				CLANG_ENABLE_MODULES = YES;
				CLANG_ENABLE_OBJC_ARC = YES;
				CLANG_WARN_BLOCK_CAPTURE_AUTORELEASING = YES;
				CLANG_WARN_BOOL_CONVERSION = YES;
				CLANG_WARN_COMMA = YES;
				CLANG_WARN_CONSTANT_CONVERSION = YES;
				CLANG_WARN_DEPRECATED_OBJC_IMPLEMENTATIONS = YES;
				CLANG_WARN_DIRECT_OBJC_ISA_USAGE = YES_ERROR;
				CLANG_WARN_EMPTY_BODY = YES;
				CLANG_WARN_ENUM_CONVERSION = YES;
				CLANG_WARN_INFINITE_RECURSION = YES;
				CLANG_WARN_INT_CONVERSION = YES;
				CLANG_WARN_NON_LITERAL_NULL_CONVERSION = YES;
				CLANG_WARN_OBJC_IMPLICIT_RETAIN_SELF = YES;
				CLANG_WARN_OBJC_LITERAL_CONVERSION = YES;
				CLANG_WARN_OBJC_ROOT_CLASS = YES_ERROR;
				CLANG_WARN_QUOTED_INCLUDE_IN_FRAMEWORK_HEADER = YES;
				CLANG_WARN_RANGE_LOOP_ANALYSIS = YES;
				CLANG_WARN_STRICT_PROTOTYPES = YES;
				CLANG_WARN_SUSPICIOUS_MOVE = YES;
				CLANG_WARN_UNREACHABLE_CODE = YES;
				CLANG_WARN__DUPLICATE_METHOD_MATCH = YES;
				"CODE_SIGN_IDENTITY[sdk=iphoneos*]" = "iPhone Developer";
				COPY_PHASE_STRIP = YES;
				CXX = "";
				ENABLE_NS_ASSERTIONS = NO;
				ENABLE_STRICT_OBJC_MSGSEND = YES;
				"EXCLUDED_ARCHS[sdk=iphonesimulator*]" = "";
				GCC_C_LANGUAGE_STANDARD = gnu99;
				GCC_NO_COMMON_BLOCKS = YES;
				GCC_WARN_64_TO_32_BIT_CONVERSION = YES;
				GCC_WARN_ABOUT_RETURN_TYPE = YES_ERROR;
				GCC_WARN_UNDECLARED_SELECTOR = YES;
				GCC_WARN_UNINITIALIZED_AUTOS = YES_AGGRESSIVE;
				GCC_WARN_UNUSED_FUNCTION = YES;
				GCC_WARN_UNUSED_VARIABLE = YES;
				IPHONEOS_DEPLOYMENT_TARGET = 13.4;
				LD = "";
				LDPLUSPLUS = "";
				LD_RUNPATH_SEARCH_PATHS = (
					/usr/lib/swift,
					"$(inherited)",
				);
				LIBRARY_SEARCH_PATHS = (
					"\"$(SDKROOT)/usr/lib/swift\"",
					"\"$(TOOLCHAIN_DIR)/usr/lib/swift/$(PLATFORM_NAME)\"",
					"\"$(inherited)\"",
				);
				MTL_ENABLE_DEBUG_INFO = NO;
				OTHER_CPLUSPLUSFLAGS = (
					"$(OTHER_CFLAGS)",
					"-DFOLLY_NO_CONFIG",
					"-DFOLLY_MOBILE=1",
					"-DFOLLY_USE_LIBCPP=1",
					"-DFOLLY_CFG_NO_COROUTINES=1",
					"-DFOLLY_HAVE_CLOCK_GETTIME=1",
				);
				OTHER_LDFLAGS = (
					"$(inherited)",
					" ",
				);
				REACT_NATIVE_PATH = "${PODS_ROOT}/../../node_modules/react-native";
				SDKROOT = iphoneos;
				USE_HERMES = true;
				VALIDATE_PRODUCT = YES;
			};
			name = Release;
		};
/* End XCBuildConfiguration section */

/* Begin XCConfigurationList section */
		00E357021AD99517003FC87E /* Build configuration list for PBXNativeTarget "mdsreactTests" */ = {
			isa = XCConfigurationList;
			buildConfigurations = (
				00E356F61AD99517003FC87E /* Debug */,
				00E356F71AD99517003FC87E /* Release */,
			);
			defaultConfigurationIsVisible = 0;
			defaultConfigurationName = Release;
		};
		13B07F931A680F5B00A75B9A /* Build configuration list for PBXNativeTarget "mdsreact" */ = {
			isa = XCConfigurationList;
			buildConfigurations = (
				13B07F941A680F5B00A75B9A /* Debug */,
				13B07F951A680F5B00A75B9A /* Release */,
			);
			defaultConfigurationIsVisible = 0;
			defaultConfigurationName = Release;
		};
		83CBB9FA1A601CBA00E9B192 /* Build configuration list for PBXProject "mdsreact" */ = {
			isa = XCConfigurationList;
			buildConfigurations = (
				83CBBA201A601CBA00E9B192 /* Debug */,
				83CBBA211A601CBA00E9B192 /* Release */,
			);
			defaultConfigurationIsVisible = 0;
			defaultConfigurationName = Release;
		};
/* End XCConfigurationList section */
	};
	rootObject = 83CBB9F71A601CBA00E9B192 /* Project object */;
}
